{
  "name": "@hpcreery/tracespace-plotter",
  "version": "5.0.0-alpha.3",
  "lockfileVersion": 3,
  "requires": true,
  "packages": {
    "": {
      "name": "@hpcreery/tracespace-plotter",
      "version": "5.0.0-alpha.3",
      "license": "MIT",
      "dependencies": {
        "@hpcreery/tracespace-parser": "^5.0.0-alpha.3",
        "@types/unist": "^2.0.6"
      }
    },
    "../../node_modules/.pnpm/@types+moo@0.5.5/node_modules/@types/moo": {
      "version": "0.5.5",
      "extraneous": true,
      "license": "MIT"
    },
    "../../node_modules/.pnpm/@types+unist@2.0.6/node_modules/@types/unist": {
      "version": "2.0.6",
      "license": "MIT"
    },
    "../../node_modules/.pnpm/moo@0.5.2/node_modules/moo": {
      "version": "0.5.2",
      "extraneous": true,
      "license": "BSD-3-Clause",
      "devDependencies": {
        "benchr": "^3.2.0",
        "chevrotain": "4.2.0",
        "jest": "24.7.1",
        "lex": "^1.7.9",
        "lexing": "^0.8.0",
        "remix": "^0.1.4",
        "tokenizer2": "^2.0.0"
      }
    },
    "../parser": {
      "name": "@hpcreery/tracespace-parser",
      "version": "5.0.0-alpha.1",
      "extraneous": true,
      "license": "MIT",
      "dependencies": {
        "@types/moo": "^0.5.5",
        "@types/unist": "^2.0.6"
      },
      "devDependencies": {
        "moo": "^0.5.2"
      }
    },
    "node_modules/@hpcreery/tracespace-parser": {
      "version": "5.0.0-alpha.3",
      "resolved": "https://registry.npmjs.org/@hpcreery/tracespace-parser/-/tracespace-parser-5.0.0-alpha.3.tgz",
      "integrity": "sha512-T5nM9/Lxnv6wQ6fmkkYN6+C1vAei1Im8w8ve9u+Bw6Wrvj37s7sjo0Ales2QMTmhuoc2gdhXFvbCiH45CXtgBg==",
      "dependencies": {
        "@types/moo": "^0.5.5",
        "@types/unist": "^2.0.6"
      }
    },
    "node_modules/@types/moo": {
      "version": "0.5.5",
      "resolved": "https://registry.npmjs.org/@types/moo/-/moo-0.5.5.tgz",
      "integrity": "sha512-eXQpwnkI4Ntw5uJg6i2PINdRFWLr55dqjuYQaLHNjvqTzF14QdNWbCbml9sza0byyXNA0hZlHtcdN+VNDcgVHA=="
    },
    "node_modules/@types/unist": {
      "resolved": "../../node_modules/.pnpm/@types+unist@2.0.6/node_modules/@types/unist",
      "link": true
    }
  }
}
