{
  "name": "@hpcreery/tracespace-parser",
  "version": "5.0.0-alpha.0",
  "lockfileVersion": 3,
  "requires": true,
  "packages": {
    "": {
      "name": "@hpcreery/tracespace-parser",
      "version": "5.0.0-alpha.0",
      "license": "MIT",
      "dependencies": {
        "@types/moo": "^0.5.5",
        "@types/unist": "^2.0.6"
      },
      "devDependencies": {
        "moo": "^0.5.2"
      }
    },
    "../../node_modules/.pnpm/@types+moo@0.5.5/node_modules/@types/moo": {
      "version": "0.5.5",
      "license": "MIT"
    },
    "../../node_modules/.pnpm/@types+unist@2.0.6/node_modules/@types/unist": {
      "version": "2.0.6",
      "license": "MIT"
    },
    "../../node_modules/.pnpm/moo@0.5.2/node_modules/moo": {
      "version": "0.5.2",
      "dev": true,
      "license": "BSD-3-Clause",
      "devDependencies": {
        "benchr": "^3.2.0",
        "chevrotain": "4.2.0",
        "jest": "24.7.1",
        "lex": "^1.7.9",
        "lexing": "^0.8.0",
        "remix": "^0.1.4",
        "tokenizer2": "^2.0.0"
      }
    },
    "node_modules/@types/moo": {
      "resolved": "../../node_modules/.pnpm/@types+moo@0.5.5/node_modules/@types/moo",
      "link": true
    },
    "node_modules/@types/unist": {
      "resolved": "../../node_modules/.pnpm/@types+unist@2.0.6/node_modules/@types/unist",
      "link": true
    },
    "node_modules/moo": {
      "resolved": "../../node_modules/.pnpm/moo@0.5.2/node_modules/moo",
      "link": true
    }
  }
}
