{
  "name": "@hpcreery/tracespace-renderer",
  "version": "5.0.0-alpha.3",
  "lockfileVersion": 3,
  "requires": true,
  "packages": {
    "": {
      "name": "@hpcreery/tracespace-renderer",
      "version": "5.0.0-alpha.3",
      "license": "MIT",
      "dependencies": {
        "@hpcreery/tracespace-parser": "^5.0.0-alpha.3",
        "@hpcreery/tracespace-plotter": "^5.0.0-alpha.4",
        "@tracespace/xml-id": "latest",
        "@types/hast": "^2.3.4"
      },
      "devDependencies": {
        "@types/unist": "^2.0.6",
        "hastscript": "^7.2.0"
      }
    },
    "../../node_modules/.pnpm/@types+hast@2.3.4/node_modules/@types/hast": {
      "version": "2.3.4",
      "license": "MIT",
      "dependencies": {
        "@types/unist": "*"
      }
    },
    "../../node_modules/.pnpm/@types+moo@0.5.5/node_modules/@types/moo": {
      "version": "0.5.5",
      "extraneous": true,
      "license": "MIT"
    },
    "../../node_modules/.pnpm/@types+unist@2.0.6/node_modules/@types/unist": {
      "version": "2.0.6",
      "license": "MIT"
    },
    "../../node_modules/.pnpm/hastscript@7.2.0/node_modules/hastscript": {
      "version": "7.2.0",
      "dev": true,
      "license": "MIT",
      "dependencies": {
        "@types/hast": "^2.0.0",
        "comma-separated-tokens": "^2.0.0",
        "hast-util-parse-selector": "^3.0.0",
        "property-information": "^6.0.0",
        "space-separated-tokens": "^2.0.0"
      },
      "devDependencies": {
        "@types/node": "^18.0.0",
        "acorn-jsx": "^5.0.0",
        "c8": "^7.0.0",
        "esast-util-from-js": "^1.0.0",
        "estree-util-build-jsx": "^2.0.0",
        "estree-util-to-js": "^1.0.0",
        "prettier": "^2.0.0",
        "remark-cli": "^11.0.0",
        "remark-preset-wooorm": "^9.0.0",
        "svg-tag-names": "^3.0.0",
        "tsd": "^0.25.0",
        "type-coverage": "^2.0.0",
        "typescript": "^4.0.0",
        "unist-builder": "^3.0.0",
        "xo": "^0.53.0"
      },
      "funding": {
        "type": "opencollective",
        "url": "https://opencollective.com/unified"
      }
    },
    "../../node_modules/.pnpm/moo@0.5.2/node_modules/moo": {
      "version": "0.5.2",
      "extraneous": true,
      "license": "BSD-3-Clause",
      "devDependencies": {
        "benchr": "^3.2.0",
        "chevrotain": "4.2.0",
        "jest": "24.7.1",
        "lex": "^1.7.9",
        "lexing": "^0.8.0",
        "remix": "^0.1.4",
        "tokenizer2": "^2.0.0"
      }
    },
    "../parser": {
      "name": "@hpcreery/tracespace-parser",
      "version": "5.0.0-alpha.1",
      "extraneous": true,
      "license": "MIT",
      "dependencies": {
        "@types/moo": "^0.5.5",
        "@types/unist": "^2.0.6"
      },
      "devDependencies": {
        "moo": "^0.5.2"
      }
    },
    "../plotter": {
      "name": "@hpcreery/tracespace-plotter",
      "version": "5.0.0-alpha.1",
      "extraneous": true,
      "license": "MIT",
      "dependencies": {
        "@hpcreery/tracespace-parser": "latest",
        "@types/unist": "^2.0.6"
      }
    },
    "node_modules/@hpcreery/tracespace-parser": {
      "version": "5.0.0-alpha.3",
      "resolved": "https://registry.npmjs.org/@hpcreery/tracespace-parser/-/tracespace-parser-5.0.0-alpha.3.tgz",
      "integrity": "sha512-T5nM9/Lxnv6wQ6fmkkYN6+C1vAei1Im8w8ve9u+Bw6Wrvj37s7sjo0Ales2QMTmhuoc2gdhXFvbCiH45CXtgBg==",
      "dependencies": {
        "@types/moo": "^0.5.5",
        "@types/unist": "^2.0.6"
      }
    },
    "node_modules/@hpcreery/tracespace-plotter": {
      "version": "5.0.0-alpha.4",
      "resolved": "https://registry.npmjs.org/@hpcreery/tracespace-plotter/-/tracespace-plotter-5.0.0-alpha.4.tgz",
      "integrity": "sha512-7AciUUw3ENW5iVb6b6vg/jl/UEmjQZKOHjT8ik300/7t2Uoeex9OcxsPpiIEuxVe/QUqXgFqBJAFzjY/9pWgwQ==",
      "dependencies": {
        "@hpcreery/tracespace-parser": "^5.0.0-alpha.3",
        "@types/unist": "^2.0.6"
      }
    },
    "node_modules/@tracespace/xml-id": {
      "version": "4.2.7",
      "resolved": "https://registry.npmjs.org/@tracespace/xml-id/-/xml-id-4.2.7.tgz",
      "integrity": "sha512-4T7uAx5HB6qwKNH7jQDiij4EDe+uP+zlFcccMpZageZA5S2V2GFxm3g5lThJdTaQhp8Or4FLsmu8C/BRdYS7hg=="
    },
    "node_modules/@types/hast": {
      "resolved": "../../node_modules/.pnpm/@types+hast@2.3.4/node_modules/@types/hast",
      "link": true
    },
    "node_modules/@types/moo": {
      "version": "0.5.5",
      "resolved": "https://registry.npmjs.org/@types/moo/-/moo-0.5.5.tgz",
      "integrity": "sha512-eXQpwnkI4Ntw5uJg6i2PINdRFWLr55dqjuYQaLHNjvqTzF14QdNWbCbml9sza0byyXNA0hZlHtcdN+VNDcgVHA=="
    },
    "node_modules/@types/unist": {
      "resolved": "../../node_modules/.pnpm/@types+unist@2.0.6/node_modules/@types/unist",
      "link": true
    },
    "node_modules/hastscript": {
      "resolved": "../../node_modules/.pnpm/hastscript@7.2.0/node_modules/hastscript",
      "link": true
    }
  }
}
